// !$*UTF8*$!
{
	archiveVersion = 1;
	classes = {
	};
	objectVersion = 50;
	objects = {

/* Begin PBXBuildFile section */
		C200DFBD255A2D17003CAD7A /* iDineApp.swift in Sources */ = {isa = PBXBuildFile; fileRef = C200DFBC255A2D17003CAD7A /* iDineApp.swift */; };
		C200DFBF255A2D17003CAD7A /* ContentView.swift in Sources */ = {isa = PBXBuildFile; fileRef = C200DFBE255A2D17003CAD7A /* ContentView.swift */; };
		C200DFC1255A2D1B003CAD7A /* Assets.xcassets in Resources */ = {isa = PBXBuildFile; fileRef = C200DFC0255A2D1B003CAD7A /* Assets.xcassets */; };
		C200DFC4255A2D1B003CAD7A /* Preview Assets.xcassets in Resources */ = {isa = PBXBuildFile; fileRef = C200DFC3255A2D1B003CAD7A /* Preview Assets.xcassets */; };
		C200DFCD255A2D76003CAD7A /* menu.json in Resources */ = {isa = PBXBuildFile; fileRef = C200DFCC255A2D76003CAD7A /* menu.json */; };
		C200DFD0255A2D7C003CAD7A /* Order.swift in Sources */ = {isa = PBXBuildFile; fileRef = C200DFCF255A2D7B003CAD7A /* Order.swift */; };
		C200DFD3255A2D80003CAD7A /* Menu.swift in Sources */ = {isa = PBXBuildFile; fileRef = C200DFD2255A2D80003CAD7A /* Menu.swift */; };
		C200DFD6255A2D85003CAD7A /* Helper.swift in Sources */ = {isa = PBXBuildFile; fileRef = C200DFD5255A2D85003CAD7A /* Helper.swift */; };
		C200DFD9255A311E003CAD7A /* ItemRow.swift in Sources */ = {isa = PBXBuildFile; fileRef = C200DFD8255A311E003CAD7A /* ItemRow.swift */; };
		C22AC98E2564CF0400CE7CC6 /* OrderView.swift in Sources */ = {isa = PBXBuildFile; fileRef = C22AC98D2564CF0400CE7CC6 /* OrderView.swift */; };
		C2BD1AE8255E0F5A00E225D5 /* ItemDetail.swift in Sources */ = {isa = PBXBuildFile; fileRef = C2BD1AE7255E0F5A00E225D5 /* ItemDetail.swift */; };
		C2D3C2FA256CBE7D00BE64AF /* CheckoutView.swift in Sources */ = {isa = PBXBuildFile; fileRef = C2D3C2F9256CBE7D00BE64AF /* CheckoutView.swift */; };
		C2E687122575E6C4008CF7E5 /* Favorite.swift in Sources */ = {isa = PBXBuildFile; fileRef = C2E687112575E6C4008CF7E5 /* Favorite.swift */; };
		C2E687162575EAA5008CF7E5 /* FavoriteView.swift in Sources */ = {isa = PBXBuildFile; fileRef = C2E687152575EAA5008CF7E5 /* FavoriteView.swift */; };
/* End PBXBuildFile section */

/* Begin PBXFileReference section */
		C200DFB9255A2D17003CAD7A /* iDine.app */ = {isa = PBXFileReference; explicitFileType = wrapper.application; includeInIndex = 0; path = iDine.app; sourceTree = BUILT_PRODUCTS_DIR; };
		C200DFBC255A2D17003CAD7A /* iDineApp.swift */ = {isa = PBXFileReference; lastKnownFileType = sourcecode.swift; path = iDineApp.swift; sourceTree = "<group>"; };
		C200DFBE255A2D17003CAD7A /* ContentView.swift */ = {isa = PBXFileReference; lastKnownFileType = sourcecode.swift; path = ContentView.swift; sourceTree = "<group>"; };
		C200DFC0255A2D1B003CAD7A /* Assets.xcassets */ = {isa = PBXFileReference; lastKnownFileType = folder.assetcatalog; path = Assets.xcassets; sourceTree = "<group>"; };
		C200DFC3255A2D1B003CAD7A /* Preview Assets.xcassets */ = {isa = PBXFileReference; lastKnownFileType = folder.assetcatalog; path = "Preview Assets.xcassets"; sourceTree = "<group>"; };
		C200DFC5255A2D1B003CAD7A /* Info.plist */ = {isa = PBXFileReference; lastKnownFileType = text.plist.xml; path = Info.plist; sourceTree = "<group>"; };
		C200DFCC255A2D76003CAD7A /* menu.json */ = {isa = PBXFileReference; fileEncoding = 4; lastKnownFileType = text.json; path = menu.json; sourceTree = "<group>"; };
		C200DFCF255A2D7B003CAD7A /* Order.swift */ = {isa = PBXFileReference; fileEncoding = 4; lastKnownFileType = sourcecode.swift; path = Order.swift; sourceTree = "<group>"; };
		C200DFD2255A2D80003CAD7A /* Menu.swift */ = {isa = PBXFileReference; fileEncoding = 4; lastKnownFileType = sourcecode.swift; path = Menu.swift; sourceTree = "<group>"; };
		C200DFD5255A2D85003CAD7A /* Helper.swift */ = {isa = PBXFileReference; fileEncoding = 4; lastKnownFileType = sourcecode.swift; path = Helper.swift; sourceTree = "<group>"; };
		C200DFD8255A311E003CAD7A /* ItemRow.swift */ = {isa = PBXFileReference; lastKnownFileType = sourcecode.swift; path = ItemRow.swift; sourceTree = "<group>"; };
		C22AC98D2564CF0400CE7CC6 /* OrderView.swift */ = {isa = PBXFileReference; lastKnownFileType = sourcecode.swift; path = OrderView.swift; sourceTree = "<group>"; };
		C2BD1AE7255E0F5A00E225D5 /* ItemDetail.swift */ = {isa = PBXFileReference; lastKnownFileType = sourcecode.swift; path = ItemDetail.swift; sourceTree = "<group>"; };
		C2D3C2F9256CBE7D00BE64AF /* CheckoutView.swift */ = {isa = PBXFileReference; lastKnownFileType = sourcecode.swift; path = CheckoutView.swift; sourceTree = "<group>"; };
		C2E687112575E6C4008CF7E5 /* Favorite.swift */ = {isa = PBXFileReference; lastKnownFileType = sourcecode.swift; path = Favorite.swift; sourceTree = "<group>"; };
		C2E687152575EAA5008CF7E5 /* FavoriteView.swift */ = {isa = PBXFileReference; lastKnownFileType = sourcecode.swift; path = FavoriteView.swift; sourceTree = "<group>"; };
/* End PBXFileReference section */

/* Begin PBXFrameworksBuildPhase section */
		C200DFB6255A2D17003CAD7A /* Frameworks */ = {
			isa = PBXFrameworksBuildPhase;
			buildActionMask = 2147483647;
			files = (
			);
			runOnlyForDeploymentPostprocessing = 0;
		};
/* End PBXFrameworksBuildPhase section */

/* Begin PBXGroup section */
		C200DFB0255A2D17003CAD7A = {
			isa = PBXGroup;
			children = (
				C200DFBB255A2D17003CAD7A /* iDine */,
				C200DFBA255A2D17003CAD7A /* Products */,
			);
			sourceTree = "<group>";
		};
		C200DFBA255A2D17003CAD7A /* Products */ = {
			isa = PBXGroup;
			children = (
				C200DFB9255A2D17003CAD7A /* iDine.app */,
			);
			name = Products;
			sourceTree = "<group>";
		};
		C200DFBB255A2D17003CAD7A /* iDine */ = {
			isa = PBXGroup;
			children = (
				C200DFCC255A2D76003CAD7A /* menu.json */,
				C200DFD2255A2D80003CAD7A /* Menu.swift */,
				C200DFCF255A2D7B003CAD7A /* Order.swift */,
				C2E687112575E6C4008CF7E5 /* Favorite.swift */,
				C200DFBC255A2D17003CAD7A /* iDineApp.swift */,
				C2D3C2F9256CBE7D00BE64AF /* CheckoutView.swift */,
				C200DFD5255A2D85003CAD7A /* Helper.swift */,
				C200DFBE255A2D17003CAD7A /* ContentView.swift */,
				C200DFD8255A311E003CAD7A /* ItemRow.swift */,
				C2BD1AE7255E0F5A00E225D5 /* ItemDetail.swift */,
				C2E687152575EAA5008CF7E5 /* FavoriteView.swift */,
				C22AC98D2564CF0400CE7CC6 /* OrderView.swift */,
				C200DFC0255A2D1B003CAD7A /* Assets.xcassets */,
				C200DFC5255A2D1B003CAD7A /* Info.plist */,
				C200DFC2255A2D1B003CAD7A /* Preview Content */,
			);
			path = iDine;
			sourceTree = "<group>";
		};
		C200DFC2255A2D1B003CAD7A /* Preview Content */ = {
			isa = PBXGroup;
			children = (
				C200DFC3255A2D1B003CAD7A /* Preview Assets.xcassets */,
			);
			path = "Preview Content";
			sourceTree = "<group>";
		};
/* End PBXGroup section */

/* Begin PBXNativeTarget section */
		C200DFB8255A2D17003CAD7A /* iDine */ = {
			isa = PBXNativeTarget;
			buildConfigurationList = C200DFC8255A2D1B003CAD7A /* Build configuration list for PBXNativeTarget "iDine" */;
			buildPhases = (
				C200DFB5255A2D17003CAD7A /* Sources */,
				C200DFB6255A2D17003CAD7A /* Frameworks */,
				C200DFB7255A2D17003CAD7A /* Resources */,
			);
			buildRules = (
			);
			dependencies = (
			);
			name = iDine;
			productName = iDine;
			productReference = C200DFB9255A2D17003CAD7A /* iDine.app */;
			productType = "com.apple.product-type.application";
		};
/* End PBXNativeTarget section */

/* Begin PBXProject section */
		C200DFB1255A2D17003CAD7A /* Project object */ = {
			isa = PBXProject;
			attributes = {
				LastSwiftUpdateCheck = 1200;
				LastUpgradeCheck = 1200;
				TargetAttributes = {
					C200DFB8255A2D17003CAD7A = {
						CreatedOnToolsVersion = 12.0.1;
					};
				};
			};
			buildConfigurationList = C200DFB4255A2D17003CAD7A /* Build configuration list for PBXProject "iDine" */;
			compatibilityVersion = "Xcode 9.3";
			developmentRegion = en;
			hasScannedForEncodings = 0;
			knownRegions = (
				en,
				Base,
			);
			mainGroup = C200DFB0255A2D17003CAD7A;
			productRefGroup = C200DFBA255A2D17003CAD7A /* Products */;
			projectDirPath = "";
			projectRoot = "";
			targets = (
				C200DFB8255A2D17003CAD7A /* iDine */,
			);
		};
/* End PBXProject section */

/* Begin PBXResourcesBuildPhase section */
		C200DFB7255A2D17003CAD7A /* Resources */ = {
			isa = PBXResourcesBuildPhase;
			buildActionMask = 2147483647;
			files = (
				C200DFCD255A2D76003CAD7A /* menu.json in Resources */,
				C200DFC4255A2D1B003CAD7A /* Preview Assets.xcassets in Resources */,
				C200DFC1255A2D1B003CAD7A /* Assets.xcassets in Resources */,
			);
			runOnlyForDeploymentPostprocessing = 0;
		};
/* End PBXResourcesBuildPhase section */

/* Begin PBXSourcesBuildPhase section */
		C200DFB5255A2D17003CAD7A /* Sources */ = {
			isa = PBXSourcesBuildPhase;
			buildActionMask = 2147483647;
			files = (
				C2BD1AE8255E0F5A00E225D5 /* ItemDetail.swift in Sources */,
				C22AC98E2564CF0400CE7CC6 /* OrderView.swift in Sources */,
				C200DFD0255A2D7C003CAD7A /* Order.swift in Sources */,
				C200DFBF255A2D17003CAD7A /* ContentView.swift in Sources */,
				C200DFD6255A2D85003CAD7A /* Helper.swift in Sources */,
				C2E687162575EAA5008CF7E5 /* FavoriteView.swift in Sources */,
				C2E687122575E6C4008CF7E5 /* Favorite.swift in Sources */,
				C200DFD9255A311E003CAD7A /* ItemRow.swift in Sources */,
				C200DFD3255A2D80003CAD7A /* Menu.swift in Sources */,
				C200DFBD255A2D17003CAD7A /* iDineApp.swift in Sources */,
				C2D3C2FA256CBE7D00BE64AF /* CheckoutView.swift in Sources */,
			);
			runOnlyForDeploymentPostprocessing = 0;
		};
/* End PBXSourcesBuildPhase section */

/* Begin XCBuildConfiguration section */
		C200DFC6255A2D1B003CAD7A /* Debug */ = {
			isa = XCBuildConfiguration;
			buildSettings = {
				ALWAYS_SEARCH_USER_PATHS = NO;
				CLANG_ANALYZER_NONNULL = YES;
				CLANG_ANALYZER_NUMBER_OBJECT_CONVERSION = YES_AGGRESSIVE;
				CLANG_CXX_LANGUAGE_STANDARD = "gnu++14";
				CLANG_CXX_LIBRARY = "libc++";
				CLANG_ENABLE_MODULES = YES;
				CLANG_ENABLE_OBJC_ARC = YES;
				CLANG_ENABLE_OBJC_WEAK = YES;
				CLANG_WARN_BLOCK_CAPTURE_AUTORELEASING = YES;
				CLANG_WARN_BOOL_CONVERSION = YES;
				CLANG_WARN_COMMA = YES;
				CLANG_WARN_CONSTANT_CONVERSION = YES;
				CLANG_WARN_DEPRECATED_OBJC_IMPLEMENTATIONS = YES;
				CLANG_WARN_DIRECT_OBJC_ISA_USAGE = YES_ERROR;
				CLANG_WARN_DOCUMENTATION_COMMENTS = YES;
				CLANG_WARN_EMPTY_BODY = YES;
				CLANG_WARN_ENUM_CONVERSION = YES;
				CLANG_WARN_INFINITE_RECURSION = YES;
				CLANG_WARN_INT_CONVERSION = YES;
				CLANG_WARN_NON_LITERAL_NULL_CONVERSION = YES;
				CLANG_WARN_OBJC_IMPLICIT_RETAIN_SELF = YES;
				CLANG_WARN_OBJC_LITERAL_CONVERSION = YES;
				CLANG_WARN_OBJC_ROOT_CLASS = YES_ERROR;
				CLANG_WARN_QUOTED_INCLUDE_IN_FRAMEWORK_HEADER = YES;
				CLANG_WARN_RANGE_LOOP_ANALYSIS = YES;
				CLANG_WARN_STRICT_PROTOTYPES = YES;
				CLANG_WARN_SUSPICIOUS_MOVE = YES;
				CLANG_WARN_UNGUARDED_AVAILABILITY = YES_AGGRESSIVE;
				CLANG_WARN_UNREACHABLE_CODE = YES;
				CLANG_WARN__DUPLICATE_METHOD_MATCH = YES;
				COPY_PHASE_STRIP = NO;
				DEBUG_INFORMATION_FORMAT = dwarf;
				ENABLE_STRICT_OBJC_MSGSEND = YES;
				ENABLE_TESTABILITY = YES;
				GCC_C_LANGUAGE_STANDARD = gnu11;
				GCC_DYNAMIC_NO_PIC = NO;
				GCC_NO_COMMON_BLOCKS = YES;
				GCC_OPTIMIZATION_LEVEL = 0;
				GCC_PREPROCESSOR_DEFINITIONS = (
					"DEBUG=1",
					"$(inherited)",
				);
				GCC_WARN_64_TO_32_BIT_CONVERSION = YES;
				GCC_WARN_ABOUT_RETURN_TYPE = YES_ERROR;
				GCC_WARN_UNDECLARED_SELECTOR = YES;
				GCC_WARN_UNINITIALIZED_AUTOS = YES_AGGRESSIVE;
				GCC_WARN_UNUSED_FUNCTION = YES;
				GCC_WARN_UNUSED_VARIABLE = YES;
				IPHONEOS_DEPLOYMENT_TARGET = 14.0;
				MTL_ENABLE_DEBUG_INFO = INCLUDE_SOURCE;
				MTL_FAST_MATH = YES;
				ONLY_ACTIVE_ARCH = YES;
				SDKROOT = iphoneos;
				SWIFT_ACTIVE_COMPILATION_CONDITIONS = DEBUG;
				SWIFT_OPTIMIZATION_LEVEL = "-Onone";
			};
			name = Debug;
		};
		C200DFC7255A2D1B003CAD7A /* Release */ = {
			isa = XCBuildConfiguration;
			buildSettings = {
				ALWAYS_SEARCH_USER_PATHS = NO;
				CLANG_ANALYZER_NONNULL = YES;
				CLANG_ANALYZER_NUMBER_OBJECT_CONVERSION = YES_AGGRESSIVE;
				CLANG_CXX_LANGUAGE_STANDARD = "gnu++14";
				CLANG_CXX_LIBRARY = "libc++";
				CLANG_ENABLE_MODULES = YES;
				CLANG_ENABLE_OBJC_ARC = YES;
				CLANG_ENABLE_OBJC_WEAK = YES;
				CLANG_WARN_BLOCK_CAPTURE_AUTORELEASING = YES;
				CLANG_WARN_BOOL_CONVERSION = YES;
				CLANG_WARN_COMMA = YES;
				CLANG_WARN_CONSTANT_CONVERSION = YES;
				CLANG_WARN_DEPRECATED_OBJC_IMPLEMENTATIONS = YES;
				CLANG_WARN_DIRECT_OBJC_ISA_USAGE = YES_ERROR;
				CLANG_WARN_DOCUMENTATION_COMMENTS = YES;
				CLANG_WARN_EMPTY_BODY = YES;
				CLANG_WARN_ENUM_CONVERSION = YES;
				CLANG_WARN_INFINITE_RECURSION = YES;
				CLANG_WARN_INT_CONVERSION = YES;
				CLANG_WARN_NON_LITERAL_NULL_CONVERSION = YES;
				CLANG_WARN_OBJC_IMPLICIT_RETAIN_SELF = YES;
				CLANG_WARN_OBJC_LITERAL_CONVERSION = YES;
				CLANG_WARN_OBJC_ROOT_CLASS = YES_ERROR;
				CLANG_WARN_QUOTED_INCLUDE_IN_FRAMEWORK_HEADER = YES;
				CLANG_WARN_RANGE_LOOP_ANALYSIS = YES;
				CLANG_WARN_STRICT_PROTOTYPES = YES;
				CLANG_WARN_SUSPICIOUS_MOVE = YES;
				CLANG_WARN_UNGUARDED_AVAILABILITY = YES_AGGRESSIVE;
				CLANG_WARN_UNREACHABLE_CODE = YES;
				CLANG_WARN__DUPLICATE_METHOD_MATCH = YES;
				COPY_PHASE_STRIP = NO;
				DEBUG_INFORMATION_FORMAT = "dwarf-with-dsym";
				ENABLE_NS_ASSERTIONS = NO;
				ENABLE_STRICT_OBJC_MSGSEND = YES;
				GCC_C_LANGUAGE_STANDARD = gnu11;
				GCC_NO_COMMON_BLOCKS = YES;
				GCC_WARN_64_TO_32_BIT_CONVERSION = YES;
				GCC_WARN_ABOUT_RETURN_TYPE = YES_ERROR;
				GCC_WARN_UNDECLARED_SELECTOR = YES;
				GCC_WARN_UNINITIALIZED_AUTOS = YES_AGGRESSIVE;
				GCC_WARN_UNUSED_FUNCTION = YES;
				GCC_WARN_UNUSED_VARIABLE = YES;
				IPHONEOS_DEPLOYMENT_TARGET = 14.0;
				MTL_ENABLE_DEBUG_INFO = NO;
				MTL_FAST_MATH = YES;
				SDKROOT = iphoneos;
				SWIFT_COMPILATION_MODE = wholemodule;
				SWIFT_OPTIMIZATION_LEVEL = "-O";
				VALIDATE_PRODUCT = YES;
			};
			name = Release;
		};
		C200DFC9255A2D1B003CAD7A /* Debug */ = {
			isa = XCBuildConfiguration;
			buildSettings = {
				ASSETCATALOG_COMPILER_APPICON_NAME = AppIcon;
				ASSETCATALOG_COMPILER_GLOBAL_ACCENT_COLOR_NAME = AccentColor;
				CODE_SIGN_STYLE = Automatic;
				DEVELOPMENT_ASSET_PATHS = "\"iDine/Preview Content\"";
				DEVELOPMENT_TEAM = 29QWC3UZXS;
				ENABLE_PREVIEWS = YES;
				INFOPLIST_FILE = iDine/Info.plist;
				IPHONEOS_DEPLOYMENT_TARGET = 14.0;
				LD_RUNPATH_SEARCH_PATHS = (
					"$(inherited)",
					"@executable_path/Frameworks",
				);
				PRODUCT_BUNDLE_IDENTIFIER = plus.ese.iDine;
				PRODUCT_NAME = "$(TARGET_NAME)";
				SWIFT_VERSION = 5.0;
				TARGETED_DEVICE_FAMILY = "1,2";
			};
			name = Debug;
		};
		C200DFCA255A2D1B003CAD7A /* Release */ = {
			isa = XCBuildConfiguration;
			buildSettings = {
				ASSETCATALOG_COMPILER_APPICON_NAME = AppIcon;
				ASSETCATALOG_COMPILER_GLOBAL_ACCENT_COLOR_NAME = AccentColor;
				CODE_SIGN_STYLE = Automatic;
				DEVELOPMENT_ASSET_PATHS = "\"iDine/Preview Content\"";
				DEVELOPMENT_TEAM = 29QWC3UZXS;
				ENABLE_PREVIEWS = YES;
				INFOPLIST_FILE = iDine/Info.plist;
				IPHONEOS_DEPLOYMENT_TARGET = 14.0;
				LD_RUNPATH_SEARCH_PATHS = (
					"$(inherited)",
					"@executable_path/Frameworks",
				);
				PRODUCT_BUNDLE_IDENTIFIER = plus.ese.iDine;
				PRODUCT_NAME = "$(TARGET_NAME)";
				SWIFT_VERSION = 5.0;
				TARGETED_DEVICE_FAMILY = "1,2";
			};
			name = Release;
		};
/* End XCBuildConfiguration section */

/* Begin XCConfigurationList section */
		C200DFB4255A2D17003CAD7A /* Build configuration list for PBXProject "iDine" */ = {
			isa = XCConfigurationList;
			buildConfigurations = (
				C200DFC6255A2D1B003CAD7A /* Debug */,
				C200DFC7255A2D1B003CAD7A /* Release */,
			);
			defaultConfigurationIsVisible = 0;
			defaultConfigurationName = Release;
		};
		C200DFC8255A2D1B003CAD7A /* Build configuration list for PBXNativeTarget "iDine" */ = {
			isa = XCConfigurationList;
			buildConfigurations = (
				C200DFC9255A2D1B003CAD7A /* Debug */,
				C200DFCA255A2D1B003CAD7A /* Release */,
			);
			defaultConfigurationIsVisible = 0;
			defaultConfigurationName = Release;
		};
/* End XCConfigurationList section */
	};
	rootObject = C200DFB1255A2D17003CAD7A /* Project object */;
}
